
Microsoft Visual Studio Solution File, Format Version 12.00
# Visual Studio Version 17
VisualStudioVersion = 17.14.36408.4
MinimumVisualStudioVersion = 10.0.40219.1
Project("{FAE04EC0-301F-11D3-BF4B-00C04F79EFBC}") = "DiscProfilesApi", "DiscProfilesApi\DiscProfilesApi.csproj", "{5715968D-B3F4-4E23-9555-7136D710E59D}"
EndProject
Project("{FAE04EC0-301F-11D3-BF4B-00C04F79EFBC}") = "DiscProfilesMigrator", "DiscProfilesMigrator\DiscProfilesMigrator.csproj", "{D4E944F1-887F-426B-8FC0-C03D05234BAD}"
EndProject
Project("{FAE04EC0-301F-11D3-BF4B-00C04F79EFBC}") = "GraphMigrator", "GraphMigrator\GraphMigrator.csproj", "{402F8E5F-7D8C-4725-B5AE-71ECE7D4BD57}"
EndProject
Global
	GlobalSection(SolutionConfigurationPlatforms) = preSolution
		Debug|Any CPU = Debug|Any CPU
		Release|Any CPU = Release|Any CPU
	EndGlobalSection
	GlobalSection(ProjectConfigurationPlatforms) = postSolution
		{5715968D-B3F4-4E23-9555-7136D710E59D}.Debug|Any CPU.ActiveCfg = Debug|Any CPU
		{5715968D-B3F4-4E23-9555-7136D710E59D}.Debug|Any CPU.Build.0 = Debug|Any CPU
		{5715968D-B3F4-4E23-9555-7136D710E59D}.Release|Any CPU.ActiveCfg = Release|Any CPU
		{5715968D-B3F4-4E23-9555-7136D710E59D}.Release|Any CPU.Build.0 = Release|Any CPU
		{D4E944F1-887F-426B-8FC0-C03D05234BAD}.Debug|Any CPU.ActiveCfg = Debug|Any CPU
		{D4E944F1-887F-426B-8FC0-C03D05234BAD}.Debug|Any CPU.Build.0 = Debug|Any CPU
		{D4E944F1-887F-426B-8FC0-C03D05234BAD}.Release|Any CPU.ActiveCfg = Release|Any CPU
		{D4E944F1-887F-426B-8FC0-C03D05234BAD}.Release|Any CPU.Build.0 = Release|Any CPU
		{402F8E5F-7D8C-4725-B5AE-71ECE7D4BD57}.Debug|Any CPU.ActiveCfg = Debug|Any CPU
		{402F8E5F-7D8C-4725-B5AE-71ECE7D4BD57}.Debug|Any CPU.Build.0 = Debug|Any CPU
		{402F8E5F-7D8C-4725-B5AE-71ECE7D4BD57}.Release|Any CPU.ActiveCfg = Release|Any CPU
		{402F8E5F-7D8C-4725-B5AE-71ECE7D4BD57}.Release|Any CPU.Build.0 = Release|Any CPU
	EndGlobalSection
	GlobalSection(SolutionProperties) = preSolution
		HideSolutionNode = FALSE
	EndGlobalSection
	GlobalSection(ExtensibilityGlobals) = postSolution
		SolutionGuid = {9F7E033B-DB1C-405C-9E16-40BCDC7AF24F}
	EndGlobalSection
EndGlobal
